
Microsoft Visual Studio Solution File, Format Version 12.00
# Visual Studio Version 16
VisualStudioVersion = 16.0.31105.61
MinimumVisualStudioVersion = 10.0.40219.1
Project("{9A19103F-16F7-4668-BE54-9A1E7A4F7556}") = "JuliePro", "JuliePro\JuliePro.csproj", "{BAB18084-427B-4562-9EDF-C1B5E84F03B1}"
EndProject
Project("{9A19103F-16F7-4668-BE54-9A1E7A4F7556}") = "JuliePro_DataAccess", "JuliePro_DataAccess\JuliePro_DataAccess.csproj", "{DCFADF8E-87B8-4A2D-ABFD-97BBB6862CD0}"
EndProject
Project("{9A19103F-16F7-4668-BE54-9A1E7A4F7556}") = "JuliePro_Models", "JuliePro_Models\JuliePro_Models.csproj", "{1305DFC7-C5B3-43C0-8406-A19C9DCF6A11}"
EndProject
Project("{9A19103F-16F7-4668-BE54-9A1E7A4F7556}") = "JuliePro_Utility", "JuliePro_Utility\JuliePro_Utility.csproj", "{C4DA1E79-1EE4-4F1B-A415-2180E3A5D987}"
EndProject
Project("{9A19103F-16F7-4668-BE54-9A1E7A4F7556}") = "JuliePro_Core", "JuliePro_Core\JuliePro_Core.csproj", "{2832F0A6-8013-46B7-8FE3-65F494EBE704}"
EndProject
Project("{FAE04EC0-301F-11D3-BF4B-00C04F79EFBC}") = "JuliePro_DataAcess_Tests", "JuliePro_DataAcess_Tests\JuliePro_DataAcess_Tests.csproj", "{3A79F0A3-BE9A-4D4B-A2CE-A57CD83285DE}"
EndProject
Global
	GlobalSection(SolutionConfigurationPlatforms) = preSolution
		Debug|Any CPU = Debug|Any CPU
		Release|Any CPU = Release|Any CPU
	EndGlobalSection
	GlobalSection(ProjectConfigurationPlatforms) = postSolution
		{BAB18084-427B-4562-9EDF-C1B5E84F03B1}.Debug|Any CPU.ActiveCfg = Debug|Any CPU
		{BAB18084-427B-4562-9EDF-C1B5E84F03B1}.Debug|Any CPU.Build.0 = Debug|Any CPU
		{BAB18084-427B-4562-9EDF-C1B5E84F03B1}.Release|Any CPU.ActiveCfg = Release|Any CPU
		{BAB18084-427B-4562-9EDF-C1B5E84F03B1}.Release|Any CPU.Build.0 = Release|Any CPU
		{DCFADF8E-87B8-4A2D-ABFD-97BBB6862CD0}.Debug|Any CPU.ActiveCfg = Debug|Any CPU
		{DCFADF8E-87B8-4A2D-ABFD-97BBB6862CD0}.Debug|Any CPU.Build.0 = Debug|Any CPU
		{DCFADF8E-87B8-4A2D-ABFD-97BBB6862CD0}.Release|Any CPU.ActiveCfg = Release|Any CPU
		{DCFADF8E-87B8-4A2D-ABFD-97BBB6862CD0}.Release|Any CPU.Build.0 = Release|Any CPU
		{1305DFC7-C5B3-43C0-8406-A19C9DCF6A11}.Debug|Any CPU.ActiveCfg = Debug|Any CPU
		{1305DFC7-C5B3-43C0-8406-A19C9DCF6A11}.Debug|Any CPU.Build.0 = Debug|Any CPU
		{1305DFC7-C5B3-43C0-8406-A19C9DCF6A11}.Release|Any CPU.ActiveCfg = Release|Any CPU
		{1305DFC7-C5B3-43C0-8406-A19C9DCF6A11}.Release|Any CPU.Build.0 = Release|Any CPU
		{C4DA1E79-1EE4-4F1B-A415-2180E3A5D987}.Debug|Any CPU.ActiveCfg = Debug|Any CPU
		{C4DA1E79-1EE4-4F1B-A415-2180E3A5D987}.Debug|Any CPU.Build.0 = Debug|Any CPU
		{C4DA1E79-1EE4-4F1B-A415-2180E3A5D987}.Release|Any CPU.ActiveCfg = Release|Any CPU
		{C4DA1E79-1EE4-4F1B-A415-2180E3A5D987}.Release|Any CPU.Build.0 = Release|Any CPU
		{2832F0A6-8013-46B7-8FE3-65F494EBE704}.Debug|Any CPU.ActiveCfg = Debug|Any CPU
		{2832F0A6-8013-46B7-8FE3-65F494EBE704}.Debug|Any CPU.Build.0 = Debug|Any CPU
		{2832F0A6-8013-46B7-8FE3-65F494EBE704}.Release|Any CPU.ActiveCfg = Release|Any CPU
		{2832F0A6-8013-46B7-8FE3-65F494EBE704}.Release|Any CPU.Build.0 = Release|Any CPU
		{3A79F0A3-BE9A-4D4B-A2CE-A57CD83285DE}.Debug|Any CPU.ActiveCfg = Debug|Any CPU
		{3A79F0A3-BE9A-4D4B-A2CE-A57CD83285DE}.Debug|Any CPU.Build.0 = Debug|Any CPU
		{3A79F0A3-BE9A-4D4B-A2CE-A57CD83285DE}.Release|Any CPU.ActiveCfg = Release|Any CPU
		{3A79F0A3-BE9A-4D4B-A2CE-A57CD83285DE}.Release|Any CPU.Build.0 = Release|Any CPU
	EndGlobalSection
	GlobalSection(SolutionProperties) = preSolution
		HideSolutionNode = FALSE
	EndGlobalSection
	GlobalSection(ExtensibilityGlobals) = postSolution
		SolutionGuid = {31E6A05D-5A9B-4C60-99E0-AE647FA8F77F}
	EndGlobalSection
EndGlobal
